
Microsoft Visual Studio Solution File, Format Version 12.00
# Visual Studio Version 17
VisualStudioVersion = 17.13.35806.99
MinimumVisualStudioVersion = 10.0.40219.1
Project("{FAE04EC0-301F-11D3-BF4B-00C04F79EFBC}") = "Fundamentos", "Fundamentos\Fundamentos.csproj", "{D23152D0-0BF8-4938-B942-0F0392134F57}"
EndProject
Project("{FAE04EC0-301F-11D3-BF4B-00C04F79EFBC}") = "Exemplo1", "Exemplo1\Exemplo1.csproj", "{4A626698-17B0-466E-B717-228F26FCEE94}"
EndProject
Project("{FAE04EC0-301F-11D3-BF4B-00C04F79EFBC}") = "Classes", "Classes\Classes.csproj", "{B2B6530D-A42A-4523-B4AF-BAF464E3EA37}"
EndProject
Project("{FAE04EC0-301F-11D3-BF4B-00C04F79EFBC}") = "Atributos", "Atributos\Atributos.csproj", "{B59DF523-7A25-4E94-8047-00BF99173489}"
EndProject
Project("{FAE04EC0-301F-11D3-BF4B-00C04F79EFBC}") = "Heranca", "Heranca\Heranca.csproj", "{D929D514-371A-482B-BBAF-F48D8A05819F}"
EndProject
Project("{FAE04EC0-301F-11D3-BF4B-00C04F79EFBC}") = "Array", "Array\Array.csproj", "{964E5AA5-6341-40A2-9687-71BDEBE1E631}"
EndProject
Project("{FAE04EC0-301F-11D3-BF4B-00C04F79EFBC}") = "Array_multidimensional", "Array_multidimensional\Array_multidimensional.csproj", "{386422E2-43DD-4660-87CA-2867A564A99D}"
EndProject
Project("{FAE04EC0-301F-11D3-BF4B-00C04F79EFBC}") = "ArrayList", "ArrayList\ArrayList.csproj", "{630FEB9E-AE22-4B0A-8E92-A7759222C58C}"
EndProject
Project("{FAE04EC0-301F-11D3-BF4B-00C04F79EFBC}") = "List", "List\List.csproj", "{E6685130-1BF1-4708-9488-B619FD49872E}"
EndProject
Project("{FAE04EC0-301F-11D3-BF4B-00C04F79EFBC}") = "ArrayList_guardando_array", "ArrayList_guardando_array\ArrayList_guardando_array.csproj", "{3F9CBC2F-CAF9-41AA-A75D-D20F7C51E281}"
EndProject
Project("{FAE04EC0-301F-11D3-BF4B-00C04F79EFBC}") = "Interface", "Interface\Interface.csproj", "{6B70CE3A-5525-44DF-B181-0FB8E912564C}"
EndProject
Project("{FAE04EC0-301F-11D3-BF4B-00C04F79EFBC}") = "colecoes", "colecoes\colecoes.csproj", "{148308D0-76EB-442D-926C-16B26D8D14A8}"
EndProject
Project("{FAE04EC0-301F-11D3-BF4B-00C04F79EFBC}") = "async", "async\async.csproj", "{14BB814C-541A-4E16-926E-199276443D1B}"
EndProject
Project("{FAE04EC0-301F-11D3-BF4B-00C04F79EFBC}") = "lambda", "lambda\lambda.csproj", "{A07C9CF5-D104-48B1-B974-53A55B937FC4}"
EndProject
Project("{FAE04EC0-301F-11D3-BF4B-00C04F79EFBC}") = "try-catch", "try-catch\try-catch.csproj", "{1A4A1BE0-3C74-435E-B11F-895F8F5BDF54}"
EndProject
Project("{FAE04EC0-301F-11D3-BF4B-00C04F79EFBC}") = "throw", "throw\throw.csproj", "{4E70A33F-6E55-417D-A307-9C10A4860199}"
EndProject
Project("{FAE04EC0-301F-11D3-BF4B-00C04F79EFBC}") = "excecao-personalizada", "excecao-personalizada\excecao-personalizada.csproj", "{0B67718E-9D7F-4DFA-8AB8-09DBF483A475}"
EndProject
Global
	GlobalSection(SolutionConfigurationPlatforms) = preSolution
		Debug|Any CPU = Debug|Any CPU
		Release|Any CPU = Release|Any CPU
	EndGlobalSection
	GlobalSection(ProjectConfigurationPlatforms) = postSolution
		{D23152D0-0BF8-4938-B942-0F0392134F57}.Debug|Any CPU.ActiveCfg = Debug|Any CPU
		{D23152D0-0BF8-4938-B942-0F0392134F57}.Debug|Any CPU.Build.0 = Debug|Any CPU
		{D23152D0-0BF8-4938-B942-0F0392134F57}.Release|Any CPU.ActiveCfg = Release|Any CPU
		{D23152D0-0BF8-4938-B942-0F0392134F57}.Release|Any CPU.Build.0 = Release|Any CPU
		{4A626698-17B0-466E-B717-228F26FCEE94}.Debug|Any CPU.ActiveCfg = Debug|Any CPU
		{4A626698-17B0-466E-B717-228F26FCEE94}.Debug|Any CPU.Build.0 = Debug|Any CPU
		{4A626698-17B0-466E-B717-228F26FCEE94}.Release|Any CPU.ActiveCfg = Release|Any CPU
		{4A626698-17B0-466E-B717-228F26FCEE94}.Release|Any CPU.Build.0 = Release|Any CPU
		{B2B6530D-A42A-4523-B4AF-BAF464E3EA37}.Debug|Any CPU.ActiveCfg = Debug|Any CPU
		{B2B6530D-A42A-4523-B4AF-BAF464E3EA37}.Debug|Any CPU.Build.0 = Debug|Any CPU
		{B2B6530D-A42A-4523-B4AF-BAF464E3EA37}.Release|Any CPU.ActiveCfg = Release|Any CPU
		{B2B6530D-A42A-4523-B4AF-BAF464E3EA37}.Release|Any CPU.Build.0 = Release|Any CPU
		{B59DF523-7A25-4E94-8047-00BF99173489}.Debug|Any CPU.ActiveCfg = Debug|Any CPU
		{B59DF523-7A25-4E94-8047-00BF99173489}.Debug|Any CPU.Build.0 = Debug|Any CPU
		{B59DF523-7A25-4E94-8047-00BF99173489}.Release|Any CPU.ActiveCfg = Release|Any CPU
		{B59DF523-7A25-4E94-8047-00BF99173489}.Release|Any CPU.Build.0 = Release|Any CPU
		{D929D514-371A-482B-BBAF-F48D8A05819F}.Debug|Any CPU.ActiveCfg = Debug|Any CPU
		{D929D514-371A-482B-BBAF-F48D8A05819F}.Debug|Any CPU.Build.0 = Debug|Any CPU
		{D929D514-371A-482B-BBAF-F48D8A05819F}.Release|Any CPU.ActiveCfg = Release|Any CPU
		{D929D514-371A-482B-BBAF-F48D8A05819F}.Release|Any CPU.Build.0 = Release|Any CPU
		{964E5AA5-6341-40A2-9687-71BDEBE1E631}.Debug|Any CPU.ActiveCfg = Debug|Any CPU
		{964E5AA5-6341-40A2-9687-71BDEBE1E631}.Debug|Any CPU.Build.0 = Debug|Any CPU
		{964E5AA5-6341-40A2-9687-71BDEBE1E631}.Release|Any CPU.ActiveCfg = Release|Any CPU
		{964E5AA5-6341-40A2-9687-71BDEBE1E631}.Release|Any CPU.Build.0 = Release|Any CPU
		{386422E2-43DD-4660-87CA-2867A564A99D}.Debug|Any CPU.ActiveCfg = Debug|Any CPU
		{386422E2-43DD-4660-87CA-2867A564A99D}.Debug|Any CPU.Build.0 = Debug|Any CPU
		{386422E2-43DD-4660-87CA-2867A564A99D}.Release|Any CPU.ActiveCfg = Release|Any CPU
		{386422E2-43DD-4660-87CA-2867A564A99D}.Release|Any CPU.Build.0 = Release|Any CPU
		{630FEB9E-AE22-4B0A-8E92-A7759222C58C}.Debug|Any CPU.ActiveCfg = Debug|Any CPU
		{630FEB9E-AE22-4B0A-8E92-A7759222C58C}.Debug|Any CPU.Build.0 = Debug|Any CPU
		{630FEB9E-AE22-4B0A-8E92-A7759222C58C}.Release|Any CPU.ActiveCfg = Release|Any CPU
		{630FEB9E-AE22-4B0A-8E92-A7759222C58C}.Release|Any CPU.Build.0 = Release|Any CPU
		{E6685130-1BF1-4708-9488-B619FD49872E}.Debug|Any CPU.ActiveCfg = Debug|Any CPU
		{E6685130-1BF1-4708-9488-B619FD49872E}.Debug|Any CPU.Build.0 = Debug|Any CPU
		{E6685130-1BF1-4708-9488-B619FD49872E}.Release|Any CPU.ActiveCfg = Release|Any CPU
		{E6685130-1BF1-4708-9488-B619FD49872E}.Release|Any CPU.Build.0 = Release|Any CPU
		{3F9CBC2F-CAF9-41AA-A75D-D20F7C51E281}.Debug|Any CPU.ActiveCfg = Debug|Any CPU
		{3F9CBC2F-CAF9-41AA-A75D-D20F7C51E281}.Debug|Any CPU.Build.0 = Debug|Any CPU
		{3F9CBC2F-CAF9-41AA-A75D-D20F7C51E281}.Release|Any CPU.ActiveCfg = Release|Any CPU
		{3F9CBC2F-CAF9-41AA-A75D-D20F7C51E281}.Release|Any CPU.Build.0 = Release|Any CPU
		{6B70CE3A-5525-44DF-B181-0FB8E912564C}.Debug|Any CPU.ActiveCfg = Debug|Any CPU
		{6B70CE3A-5525-44DF-B181-0FB8E912564C}.Debug|Any CPU.Build.0 = Debug|Any CPU
		{6B70CE3A-5525-44DF-B181-0FB8E912564C}.Release|Any CPU.ActiveCfg = Release|Any CPU
		{6B70CE3A-5525-44DF-B181-0FB8E912564C}.Release|Any CPU.Build.0 = Release|Any CPU
		{148308D0-76EB-442D-926C-16B26D8D14A8}.Debug|Any CPU.ActiveCfg = Debug|Any CPU
		{148308D0-76EB-442D-926C-16B26D8D14A8}.Debug|Any CPU.Build.0 = Debug|Any CPU
		{148308D0-76EB-442D-926C-16B26D8D14A8}.Release|Any CPU.ActiveCfg = Release|Any CPU
		{148308D0-76EB-442D-926C-16B26D8D14A8}.Release|Any CPU.Build.0 = Release|Any CPU
		{14BB814C-541A-4E16-926E-199276443D1B}.Debug|Any CPU.ActiveCfg = Debug|Any CPU
		{14BB814C-541A-4E16-926E-199276443D1B}.Debug|Any CPU.Build.0 = Debug|Any CPU
		{14BB814C-541A-4E16-926E-199276443D1B}.Release|Any CPU.ActiveCfg = Release|Any CPU
		{14BB814C-541A-4E16-926E-199276443D1B}.Release|Any CPU.Build.0 = Release|Any CPU
		{A07C9CF5-D104-48B1-B974-53A55B937FC4}.Debug|Any CPU.ActiveCfg = Debug|Any CPU
		{A07C9CF5-D104-48B1-B974-53A55B937FC4}.Debug|Any CPU.Build.0 = Debug|Any CPU
		{A07C9CF5-D104-48B1-B974-53A55B937FC4}.Release|Any CPU.ActiveCfg = Release|Any CPU
		{A07C9CF5-D104-48B1-B974-53A55B937FC4}.Release|Any CPU.Build.0 = Release|Any CPU
		{1A4A1BE0-3C74-435E-B11F-895F8F5BDF54}.Debug|Any CPU.ActiveCfg = Debug|Any CPU
		{1A4A1BE0-3C74-435E-B11F-895F8F5BDF54}.Debug|Any CPU.Build.0 = Debug|Any CPU
		{1A4A1BE0-3C74-435E-B11F-895F8F5BDF54}.Release|Any CPU.ActiveCfg = Release|Any CPU
		{1A4A1BE0-3C74-435E-B11F-895F8F5BDF54}.Release|Any CPU.Build.0 = Release|Any CPU
		{4E70A33F-6E55-417D-A307-9C10A4860199}.Debug|Any CPU.ActiveCfg = Debug|Any CPU
		{4E70A33F-6E55-417D-A307-9C10A4860199}.Debug|Any CPU.Build.0 = Debug|Any CPU
		{4E70A33F-6E55-417D-A307-9C10A4860199}.Release|Any CPU.ActiveCfg = Release|Any CPU
		{4E70A33F-6E55-417D-A307-9C10A4860199}.Release|Any CPU.Build.0 = Release|Any CPU
		{0B67718E-9D7F-4DFA-8AB8-09DBF483A475}.Debug|Any CPU.ActiveCfg = Debug|Any CPU
		{0B67718E-9D7F-4DFA-8AB8-09DBF483A475}.Debug|Any CPU.Build.0 = Debug|Any CPU
		{0B67718E-9D7F-4DFA-8AB8-09DBF483A475}.Release|Any CPU.ActiveCfg = Release|Any CPU
		{0B67718E-9D7F-4DFA-8AB8-09DBF483A475}.Release|Any CPU.Build.0 = Release|Any CPU
	EndGlobalSection
	GlobalSection(SolutionProperties) = preSolution
		HideSolutionNode = FALSE
	EndGlobalSection
	GlobalSection(ExtensibilityGlobals) = postSolution
		SolutionGuid = {EE60F583-99D0-46F5-906E-0C276483D059}
	EndGlobalSection
EndGlobal
